// !$*UTF8*$!
{
	archiveVersion = 1;
	classes = {
	};
	objectVersion = 46;
	objects = {

/* Begin PBXBuildFile section */
		D3289EF6196EFEE0009378F8 /* AppDelegate.swift in Sources */ = {isa = PBXBuildFile; fileRef = D3289EF5196EFEE0009378F8 /* AppDelegate.swift */; };
		D3289EF8196EFEE0009378F8 /* ViewController.swift in Sources */ = {isa = PBXBuildFile; fileRef = D3289EF7196EFEE0009378F8 /* ViewController.swift */; };
		D3289EFB196EFEE0009378F8 /* Main.storyboard in Resources */ = {isa = PBXBuildFile; fileRef = D3289EF9196EFEE0009378F8 /* Main.storyboard */; };
		D3289EFD196EFEE0009378F8 /* Images.xcassets in Resources */ = {isa = PBXBuildFile; fileRef = D3289EFC196EFEE0009378F8 /* Images.xcassets */; };
		D3289F09196EFEE0009378F8 /* AutoQuoterTests.swift in Sources */ = {isa = PBXBuildFile; fileRef = D3289F08196EFEE0009378F8 /* AutoQuoterTests.swift */; };
/* End PBXBuildFile section */

/* Begin PBXContainerItemProxy section */
		D3289F03196EFEE0009378F8 /* PBXContainerItemProxy */ = {
			isa = PBXContainerItemProxy;
			containerPortal = D3289EE8196EFEE0009378F8 /* Project object */;
			proxyType = 1;
			remoteGlobalIDString = D3289EEF196EFEE0009378F8;
			remoteInfo = AutoQuoter;
		};
/* End PBXContainerItemProxy section */

/* Begin PBXFileReference section */
		D3289EF0196EFEE0009378F8 /* AutoQuoter.app */ = {isa = PBXFileReference; explicitFileType = wrapper.application; includeInIndex = 0; path = AutoQuoter.app; sourceTree = BUILT_PRODUCTS_DIR; };
		D3289EF4196EFEE0009378F8 /* Info.plist */ = {isa = PBXFileReference; lastKnownFileType = text.plist.xml; path = Info.plist; sourceTree = "<group>"; };
		D3289EF5196EFEE0009378F8 /* AppDelegate.swift */ = {isa = PBXFileReference; lastKnownFileType = sourcecode.swift; path = AppDelegate.swift; sourceTree = "<group>"; };
		D3289EF7196EFEE0009378F8 /* ViewController.swift */ = {isa = PBXFileReference; lastKnownFileType = sourcecode.swift; path = ViewController.swift; sourceTree = "<group>"; };
		D3289EFA196EFEE0009378F8 /* Base */ = {isa = PBXFileReference; lastKnownFileType = file.storyboard; name = Base; path = Base.lproj/Main.storyboard; sourceTree = "<group>"; };
		D3289EFC196EFEE0009378F8 /* Images.xcassets */ = {isa = PBXFileReference; lastKnownFileType = folder.assetcatalog; path = Images.xcassets; sourceTree = "<group>"; };
		D3289F02196EFEE0009378F8 /* AutoQuoterTests.xctest */ = {isa = PBXFileReference; explicitFileType = wrapper.cfbundle; includeInIndex = 0; path = AutoQuoterTests.xctest; sourceTree = BUILT_PRODUCTS_DIR; };
		D3289F07196EFEE0009378F8 /* Info.plist */ = {isa = PBXFileReference; lastKnownFileType = text.plist.xml; path = Info.plist; sourceTree = "<group>"; };
		D3289F08196EFEE0009378F8 /* AutoQuoterTests.swift */ = {isa = PBXFileReference; lastKnownFileType = sourcecode.swift; path = AutoQuoterTests.swift; sourceTree = "<group>"; };
/* End PBXFileReference section */

/* Begin PBXFrameworksBuildPhase section */
		D3289EED196EFEE0009378F8 /* Frameworks */ = {
			isa = PBXFrameworksBuildPhase;
			buildActionMask = 2147483647;
			files = (
			);
			runOnlyForDeploymentPostprocessing = 0;
		};
		D3289EFF196EFEE0009378F8 /* Frameworks */ = {
			isa = PBXFrameworksBuildPhase;
			buildActionMask = 2147483647;
			files = (
			);
			runOnlyForDeploymentPostprocessing = 0;
		};
/* End PBXFrameworksBuildPhase section */

/* Begin PBXGroup section */
		D3289EE7196EFEE0009378F8 = {
			isa = PBXGroup;
			children = (
				D3289EF2196EFEE0009378F8 /* AutoQuoter */,
				D3289F05196EFEE0009378F8 /* AutoQuoterTests */,
				D3289EF1196EFEE0009378F8 /* Products */,
			);
			sourceTree = "<group>";
		};
		D3289EF1196EFEE0009378F8 /* Products */ = {
			isa = PBXGroup;
			children = (
				D3289EF0196EFEE0009378F8 /* AutoQuoter.app */,
				D3289F02196EFEE0009378F8 /* AutoQuoterTests.xctest */,
			);
			name = Products;
			sourceTree = "<group>";
		};
		D3289EF2196EFEE0009378F8 /* AutoQuoter */ = {
			isa = PBXGroup;
			children = (
				D3289EF5196EFEE0009378F8 /* AppDelegate.swift */,
				D3289EF7196EFEE0009378F8 /* ViewController.swift */,
				D3289EF9196EFEE0009378F8 /* Main.storyboard */,
				D3289EFC196EFEE0009378F8 /* Images.xcassets */,
				D3289EF3196EFEE0009378F8 /* Supporting Files */,
			);
			path = AutoQuoter;
			sourceTree = "<group>";
		};
		D3289EF3196EFEE0009378F8 /* Supporting Files */ = {
			isa = PBXGroup;
			children = (
				D3289EF4196EFEE0009378F8 /* Info.plist */,
			);
			name = "Supporting Files";
			sourceTree = "<group>";
		};
		D3289F05196EFEE0009378F8 /* AutoQuoterTests */ = {
			isa = PBXGroup;
			children = (
				D3289F08196EFEE0009378F8 /* AutoQuoterTests.swift */,
				D3289F06196EFEE0009378F8 /* Supporting Files */,
			);
			path = AutoQuoterTests;
			sourceTree = "<group>";
		};
		D3289F06196EFEE0009378F8 /* Supporting Files */ = {
			isa = PBXGroup;
			children = (
				D3289F07196EFEE0009378F8 /* Info.plist */,
			);
			name = "Supporting Files";
			sourceTree = "<group>";
		};
/* End PBXGroup section */

/* Begin PBXNativeTarget section */
		D3289EEF196EFEE0009378F8 /* AutoQuoter */ = {
			isa = PBXNativeTarget;
			buildConfigurationList = D3289F0C196EFEE0009378F8 /* Build configuration list for PBXNativeTarget "AutoQuoter" */;
			buildPhases = (
				D3289EEC196EFEE0009378F8 /* Sources */,
				D3289EED196EFEE0009378F8 /* Frameworks */,
				D3289EEE196EFEE0009378F8 /* Resources */,
			);
			buildRules = (
			);
			dependencies = (
			);
			name = AutoQuoter;
			productName = AutoQuoter;
			productReference = D3289EF0196EFEE0009378F8 /* AutoQuoter.app */;
			productType = "com.apple.product-type.application";
		};
		D3289F01196EFEE0009378F8 /* AutoQuoterTests */ = {
			isa = PBXNativeTarget;
			buildConfigurationList = D3289F0F196EFEE0009378F8 /* Build configuration list for PBXNativeTarget "AutoQuoterTests" */;
			buildPhases = (
				D3289EFE196EFEE0009378F8 /* Sources */,
				D3289EFF196EFEE0009378F8 /* Frameworks */,
				D3289F00196EFEE0009378F8 /* Resources */,
			);
			buildRules = (
			);
			dependencies = (
				D3289F04196EFEE0009378F8 /* PBXTargetDependency */,
			);
			name = AutoQuoterTests;
			productName = AutoQuoterTests;
			productReference = D3289F02196EFEE0009378F8 /* AutoQuoterTests.xctest */;
			productType = "com.apple.product-type.bundle.unit-test";
		};
/* End PBXNativeTarget section */

/* Begin PBXProject section */
		D3289EE8196EFEE0009378F8 /* Project object */ = {
			isa = PBXProject;
			attributes = {
				LastUpgradeCheck = 0600;
				ORGANIZATIONNAME = "Quotepro Inc";
				TargetAttributes = {
					D3289EEF196EFEE0009378F8 = {
						CreatedOnToolsVersion = 6.0;
					};
					D3289F01196EFEE0009378F8 = {
						CreatedOnToolsVersion = 6.0;
						TestTargetID = D3289EEF196EFEE0009378F8;
					};
				};
			};
			buildConfigurationList = D3289EEB196EFEE0009378F8 /* Build configuration list for PBXProject "AutoQuoter" */;
			compatibilityVersion = "Xcode 3.2";
			developmentRegion = English;
			hasScannedForEncodings = 0;
			knownRegions = (
				en,
				Base,
			);
			mainGroup = D3289EE7196EFEE0009378F8;
			productRefGroup = D3289EF1196EFEE0009378F8 /* Products */;
			projectDirPath = "";
			projectRoot = "";
			targets = (
				D3289EEF196EFEE0009378F8 /* AutoQuoter */,
				D3289F01196EFEE0009378F8 /* AutoQuoterTests */,
			);
		};
/* End PBXProject section */

/* Begin PBXResourcesBuildPhase section */
		D3289EEE196EFEE0009378F8 /* Resources */ = {
			isa = PBXResourcesBuildPhase;
			buildActionMask = 2147483647;
			files = (
				D3289EFB196EFEE0009378F8 /* Main.storyboard in Resources */,
				D3289EFD196EFEE0009378F8 /* Images.xcassets in Resources */,
			);
			runOnlyForDeploymentPostprocessing = 0;
		};
		D3289F00196EFEE0009378F8 /* Resources */ = {
			isa = PBXResourcesBuildPhase;
			buildActionMask = 2147483647;
			files = (
			);
			runOnlyForDeploymentPostprocessing = 0;
		};
/* End PBXResourcesBuildPhase section */

/* Begin PBXSourcesBuildPhase section */
		D3289EEC196EFEE0009378F8 /* Sources */ = {
			isa = PBXSourcesBuildPhase;
			buildActionMask = 2147483647;
			files = (
				D3289EF8196EFEE0009378F8 /* ViewController.swift in Sources */,
				D3289EF6196EFEE0009378F8 /* AppDelegate.swift in Sources */,
			);
			runOnlyForDeploymentPostprocessing = 0;
		};
		D3289EFE196EFEE0009378F8 /* Sources */ = {
			isa = PBXSourcesBuildPhase;
			buildActionMask = 2147483647;
			files = (
				D3289F09196EFEE0009378F8 /* AutoQuoterTests.swift in Sources */,
			);
			runOnlyForDeploymentPostprocessing = 0;
		};
/* End PBXSourcesBuildPhase section */

/* Begin PBXTargetDependency section */
		D3289F04196EFEE0009378F8 /* PBXTargetDependency */ = {
			isa = PBXTargetDependency;
			target = D3289EEF196EFEE0009378F8 /* AutoQuoter */;
			targetProxy = D3289F03196EFEE0009378F8 /* PBXContainerItemProxy */;
		};
/* End PBXTargetDependency section */

/* Begin PBXVariantGroup section */
		D3289EF9196EFEE0009378F8 /* Main.storyboard */ = {
			isa = PBXVariantGroup;
			children = (
				D3289EFA196EFEE0009378F8 /* Base */,
			);
			name = Main.storyboard;
			sourceTree = "<group>";
		};
/* End PBXVariantGroup section */

/* Begin XCBuildConfiguration section */
		D3289F0A196EFEE0009378F8 /* Debug */ = {
			isa = XCBuildConfiguration;
			buildSettings = {
				ALWAYS_SEARCH_USER_PATHS = NO;
				CLANG_CXX_LANGUAGE_STANDARD = "gnu++0x";
				CLANG_CXX_LIBRARY = "libc++";
				CLANG_ENABLE_MODULES = YES;
				CLANG_ENABLE_OBJC_ARC = YES;
				CLANG_WARN_BOOL_CONVERSION = YES;
				CLANG_WARN_CONSTANT_CONVERSION = YES;
				CLANG_WARN_DIRECT_OBJC_ISA_USAGE = YES_ERROR;
				CLANG_WARN_EMPTY_BODY = YES;
				CLANG_WARN_ENUM_CONVERSION = YES;
				CLANG_WARN_INT_CONVERSION = YES;
				CLANG_WARN_OBJC_ROOT_CLASS = YES_ERROR;
				CLANG_WARN_UNREACHABLE_CODE = YES;
				CLANG_WARN__DUPLICATE_METHOD_MATCH = YES;
				"CODE_SIGN_IDENTITY[sdk=iphoneos*]" = "iPhone Developer";
				COPY_PHASE_STRIP = NO;
				ENABLE_STRICT_OBJC_MSGSEND = YES;
				GCC_C_LANGUAGE_STANDARD = gnu99;
				GCC_DYNAMIC_NO_PIC = NO;
				GCC_OPTIMIZATION_LEVEL = 0;
				GCC_PREPROCESSOR_DEFINITIONS = (
					"DEBUG=1",
					"$(inherited)",
				);
				GCC_SYMBOLS_PRIVATE_EXTERN = NO;
				GCC_WARN_64_TO_32_BIT_CONVERSION = YES;
				GCC_WARN_ABOUT_RETURN_TYPE = YES_ERROR;
				GCC_WARN_UNDECLARED_SELECTOR = YES;
				GCC_WARN_UNINITIALIZED_AUTOS = YES_AGGRESSIVE;
				GCC_WARN_UNUSED_FUNCTION = YES;
				GCC_WARN_UNUSED_VARIABLE = YES;
				IPHONEOS_DEPLOYMENT_TARGET = 8.0;
				MTL_ENABLE_DEBUG_INFO = YES;
				ONLY_ACTIVE_ARCH = YES;
				SDKROOT = iphoneos;
				SWIFT_OPTIMIZATION_LEVEL = "-Onone";
				TARGETED_DEVICE_FAMILY = "1,2";
			};
			name = Debug;
		};
		D3289F0B196EFEE0009378F8 /* Release */ = {
			isa = XCBuildConfiguration;
			buildSettings = {
				ALWAYS_SEARCH_USER_PATHS = NO;
				CLANG_CXX_LANGUAGE_STANDARD = "gnu++0x";
				CLANG_CXX_LIBRARY = "libc++";
				CLANG_ENABLE_MODULES = YES;
				CLANG_ENABLE_OBJC_ARC = YES;
				CLANG_WARN_BOOL_CONVERSION = YES;
				CLANG_WARN_CONSTANT_CONVERSION = YES;
				CLANG_WARN_DIRECT_OBJC_ISA_USAGE = YES_ERROR;
				CLANG_WARN_EMPTY_BODY = YES;
				CLANG_WARN_ENUM_CONVERSION = YES;
				CLANG_WARN_INT_CONVERSION = YES;
				CLANG_WARN_OBJC_ROOT_CLASS = YES_ERROR;
				CLANG_WARN_UNREACHABLE_CODE = YES;
				CLANG_WARN__DUPLICATE_METHOD_MATCH = YES;
				"CODE_SIGN_IDENTITY[sdk=iphoneos*]" = "iPhone Developer";
				COPY_PHASE_STRIP = YES;
				ENABLE_NS_ASSERTIONS = NO;
				ENABLE_STRICT_OBJC_MSGSEND = YES;
				GCC_C_LANGUAGE_STANDARD = gnu99;
				GCC_WARN_64_TO_32_BIT_CONVERSION = YES;
				GCC_WARN_ABOUT_RETURN_TYPE = YES_ERROR;
				GCC_WARN_UNDECLARED_SELECTOR = YES;
				GCC_WARN_UNINITIALIZED_AUTOS = YES_AGGRESSIVE;
				GCC_WARN_UNUSED_FUNCTION = YES;
				GCC_WARN_UNUSED_VARIABLE = YES;
				IPHONEOS_DEPLOYMENT_TARGET = 8.0;
				MTL_ENABLE_DEBUG_INFO = NO;
				SDKROOT = iphoneos;
				TARGETED_DEVICE_FAMILY = "1,2";
				VALIDATE_PRODUCT = YES;
			};
			name = Release;
		};
		D3289F0D196EFEE0009378F8 /* Debug */ = {
			isa = XCBuildConfiguration;
			buildSettings = {
				ASSETCATALOG_COMPILER_APPICON_NAME = AppIcon;
				ASSETCATALOG_COMPILER_LAUNCHIMAGE_NAME = LaunchImage;
				INFOPLIST_FILE = AutoQuoter/Info.plist;
				LD_RUNPATH_SEARCH_PATHS = "$(inherited) @executable_path/Frameworks";
				PRODUCT_NAME = "$(TARGET_NAME)";
			};
			name = Debug;
		};
		D3289F0E196EFEE0009378F8 /* Release */ = {
			isa = XCBuildConfiguration;
			buildSettings = {
				ASSETCATALOG_COMPILER_APPICON_NAME = AppIcon;
				ASSETCATALOG_COMPILER_LAUNCHIMAGE_NAME = LaunchImage;
				INFOPLIST_FILE = AutoQuoter/Info.plist;
				LD_RUNPATH_SEARCH_PATHS = "$(inherited) @executable_path/Frameworks";
				PRODUCT_NAME = "$(TARGET_NAME)";
			};
			name = Release;
		};
		D3289F10196EFEE0009378F8 /* Debug */ = {
			isa = XCBuildConfiguration;
			buildSettings = {
				BUNDLE_LOADER = "$(BUILT_PRODUCTS_DIR)/AutoQuoter.app/AutoQuoter";
				FRAMEWORK_SEARCH_PATHS = (
					"$(SDKROOT)/Developer/Library/Frameworks",
					"$(inherited)",
				);
				GCC_PREPROCESSOR_DEFINITIONS = (
					"DEBUG=1",
					"$(inherited)",
				);
				INFOPLIST_FILE = AutoQuoterTests/Info.plist;
				LD_RUNPATH_SEARCH_PATHS = "$(inherited) @executable_path/Frameworks @loader_path/Frameworks";
				PRODUCT_NAME = "$(TARGET_NAME)";
				TEST_HOST = "$(BUNDLE_LOADER)";
			};
			name = Debug;
		};
		D3289F11196EFEE0009378F8 /* Release */ = {
			isa = XCBuildConfiguration;
			buildSettings = {
				BUNDLE_LOADER = "$(BUILT_PRODUCTS_DIR)/AutoQuoter.app/AutoQuoter";
				FRAMEWORK_SEARCH_PATHS = (
					"$(SDKROOT)/Developer/Library/Frameworks",
					"$(inherited)",
				);
				INFOPLIST_FILE = AutoQuoterTests/Info.plist;
				LD_RUNPATH_SEARCH_PATHS = "$(inherited) @executable_path/Frameworks @loader_path/Frameworks";
				PRODUCT_NAME = "$(TARGET_NAME)";
				TEST_HOST = "$(BUNDLE_LOADER)";
			};
			name = Release;
		};
/* End XCBuildConfiguration section */

/* Begin XCConfigurationList section */
		D3289EEB196EFEE0009378F8 /* Build configuration list for PBXProject "AutoQuoter" */ = {
			isa = XCConfigurationList;
			buildConfigurations = (
				D3289F0A196EFEE0009378F8 /* Debug */,
				D3289F0B196EFEE0009378F8 /* Release */,
			);
			defaultConfigurationIsVisible = 0;
			defaultConfigurationName = Release;
		};
		D3289F0C196EFEE0009378F8 /* Build configuration list for PBXNativeTarget "AutoQuoter" */ = {
			isa = XCConfigurationList;
			buildConfigurations = (
				D3289F0D196EFEE0009378F8 /* Debug */,
				D3289F0E196EFEE0009378F8 /* Release */,
			);
			defaultConfigurationIsVisible = 0;
		};
		D3289F0F196EFEE0009378F8 /* Build configuration list for PBXNativeTarget "AutoQuoterTests" */ = {
			isa = XCConfigurationList;
			buildConfigurations = (
				D3289F10196EFEE0009378F8 /* Debug */,
				D3289F11196EFEE0009378F8 /* Release */,
			);
			defaultConfigurationIsVisible = 0;
		};
/* End XCConfigurationList section */
	};
	rootObject = D3289EE8196EFEE0009378F8 /* Project object */;
}
